// !$*UTF8*$!
{
	archiveVersion = 1;
	classes = {
	};
	objectVersion = 50;
	objects = {

/* Begin PBXBuildFile section */
		063AB7CE2125D12700A6568D /* AppDelegate.m in Sources */ = {isa = PBXBuildFile; fileRef = 063AB7CD2125D12700A6568D /* AppDelegate.m */; };
		063AB7D12125D12700A6568D /* ViewController.m in Sources */ = {isa = PBXBuildFile; fileRef = 063AB7D02125D12700A6568D /* ViewController.m */; };
		063AB7D42125D12700A6568D /* Main.storyboard in Resources */ = {isa = PBXBuildFile; fileRef = 063AB7D22125D12700A6568D /* Main.storyboard */; };
		063AB7D62125D12700A6568D /* Assets.xcassets in Resources */ = {isa = PBXBuildFile; fileRef = 063AB7D52125D12700A6568D /* Assets.xcassets */; };
		063AB7D92125D12700A6568D /* LaunchScreen.storyboard in Resources */ = {isa = PBXBuildFile; fileRef = 063AB7D72125D12700A6568D /* LaunchScreen.storyboard */; };
		063AB7DC2125D12800A6568D /* main.m in Sources */ = {isa = PBXBuildFile; fileRef = 063AB7DB2125D12800A6568D /* main.m */; };
		063AB7E62125D12800A6568D /* iPhoneImagesTests.m in Sources */ = {isa = PBXBuildFile; fileRef = 063AB7E52125D12800A6568D /* iPhoneImagesTests.m */; };
		063AB7F12125D12800A6568D /* iPhoneImagesUITests.m in Sources */ = {isa = PBXBuildFile; fileRef = 063AB7F02125D12800A6568D /* iPhoneImagesUITests.m */; };
/* End PBXBuildFile section */

/* Begin PBXContainerItemProxy section */
		063AB7E22125D12800A6568D /* PBXContainerItemProxy */ = {
			isa = PBXContainerItemProxy;
			containerPortal = 063AB7C12125D12700A6568D /* Project object */;
			proxyType = 1;
			remoteGlobalIDString = 063AB7C82125D12700A6568D;
			remoteInfo = iPhoneImages;
		};
		063AB7ED2125D12800A6568D /* PBXContainerItemProxy */ = {
			isa = PBXContainerItemProxy;
			containerPortal = 063AB7C12125D12700A6568D /* Project object */;
			proxyType = 1;
			remoteGlobalIDString = 063AB7C82125D12700A6568D;
			remoteInfo = iPhoneImages;
		};
/* End PBXContainerItemProxy section */

/* Begin PBXFileReference section */
		063AB7C92125D12700A6568D /* iPhoneImages.app */ = {isa = PBXFileReference; explicitFileType = wrapper.application; includeInIndex = 0; path = iPhoneImages.app; sourceTree = BUILT_PRODUCTS_DIR; };
		063AB7CC2125D12700A6568D /* AppDelegate.h */ = {isa = PBXFileReference; lastKnownFileType = sourcecode.c.h; path = AppDelegate.h; sourceTree = "<group>"; };
		063AB7CD2125D12700A6568D /* AppDelegate.m */ = {isa = PBXFileReference; lastKnownFileType = sourcecode.c.objc; path = AppDelegate.m; sourceTree = "<group>"; };
		063AB7CF2125D12700A6568D /* ViewController.h */ = {isa = PBXFileReference; lastKnownFileType = sourcecode.c.h; path = ViewController.h; sourceTree = "<group>"; };
		063AB7D02125D12700A6568D /* ViewController.m */ = {isa = PBXFileReference; lastKnownFileType = sourcecode.c.objc; path = ViewController.m; sourceTree = "<group>"; };
		063AB7D32125D12700A6568D /* Base */ = {isa = PBXFileReference; lastKnownFileType = file.storyboard; name = Base; path = Base.lproj/Main.storyboard; sourceTree = "<group>"; };
		063AB7D52125D12700A6568D /* Assets.xcassets */ = {isa = PBXFileReference; lastKnownFileType = folder.assetcatalog; path = Assets.xcassets; sourceTree = "<group>"; };
		063AB7D82125D12700A6568D /* Base */ = {isa = PBXFileReference; lastKnownFileType = file.storyboard; name = Base; path = Base.lproj/LaunchScreen.storyboard; sourceTree = "<group>"; };
		063AB7DA2125D12700A6568D /* Info.plist */ = {isa = PBXFileReference; lastKnownFileType = text.plist.xml; path = Info.plist; sourceTree = "<group>"; };
		063AB7DB2125D12800A6568D /* main.m */ = {isa = PBXFileReference; lastKnownFileType = sourcecode.c.objc; path = main.m; sourceTree = "<group>"; };
		063AB7E12125D12800A6568D /* iPhoneImagesTests.xctest */ = {isa = PBXFileReference; explicitFileType = wrapper.cfbundle; includeInIndex = 0; path = iPhoneImagesTests.xctest; sourceTree = BUILT_PRODUCTS_DIR; };
		063AB7E52125D12800A6568D /* iPhoneImagesTests.m */ = {isa = PBXFileReference; lastKnownFileType = sourcecode.c.objc; path = iPhoneImagesTests.m; sourceTree = "<group>"; };
		063AB7E72125D12800A6568D /* Info.plist */ = {isa = PBXFileReference; lastKnownFileType = text.plist.xml; path = Info.plist; sourceTree = "<group>"; };
		063AB7EC2125D12800A6568D /* iPhoneImagesUITests.xctest */ = {isa = PBXFileReference; explicitFileType = wrapper.cfbundle; includeInIndex = 0; path = iPhoneImagesUITests.xctest; sourceTree = BUILT_PRODUCTS_DIR; };
		063AB7F02125D12800A6568D /* iPhoneImagesUITests.m */ = {isa = PBXFileReference; lastKnownFileType = sourcecode.c.objc; path = iPhoneImagesUITests.m; sourceTree = "<group>"; };
		063AB7F22125D12800A6568D /* Info.plist */ = {isa = PBXFileReference; lastKnownFileType = text.plist.xml; path = Info.plist; sourceTree = "<group>"; };
/* End PBXFileReference section */

/* Begin PBXFrameworksBuildPhase section */
		063AB7C62125D12700A6568D /* Frameworks */ = {
			isa = PBXFrameworksBuildPhase;
			buildActionMask = 2147483647;
			files = (
			);
			runOnlyForDeploymentPostprocessing = 0;
		};
		063AB7DE2125D12800A6568D /* Frameworks */ = {
			isa = PBXFrameworksBuildPhase;
			buildActionMask = 2147483647;
			files = (
			);
			runOnlyForDeploymentPostprocessing = 0;
		};
		063AB7E92125D12800A6568D /* Frameworks */ = {
			isa = PBXFrameworksBuildPhase;
			buildActionMask = 2147483647;
			files = (
			);
			runOnlyForDeploymentPostprocessing = 0;
		};
/* End PBXFrameworksBuildPhase section */

/* Begin PBXGroup section */
		063AB7C02125D12700A6568D = {
			isa = PBXGroup;
			children = (
				063AB7CB2125D12700A6568D /* iPhoneImages */,
				063AB7E42125D12800A6568D /* iPhoneImagesTests */,
				063AB7EF2125D12800A6568D /* iPhoneImagesUITests */,
				063AB7CA2125D12700A6568D /* Products */,
			);
			sourceTree = "<group>";
		};
		063AB7CA2125D12700A6568D /* Products */ = {
			isa = PBXGroup;
			children = (
				063AB7C92125D12700A6568D /* iPhoneImages.app */,
				063AB7E12125D12800A6568D /* iPhoneImagesTests.xctest */,
				063AB7EC2125D12800A6568D /* iPhoneImagesUITests.xctest */,
			);
			name = Products;
			sourceTree = "<group>";
		};
		063AB7CB2125D12700A6568D /* iPhoneImages */ = {
			isa = PBXGroup;
			children = (
				063AB7CC2125D12700A6568D /* AppDelegate.h */,
				063AB7CD2125D12700A6568D /* AppDelegate.m */,
				063AB7CF2125D12700A6568D /* ViewController.h */,
				063AB7D02125D12700A6568D /* ViewController.m */,
				063AB7D22125D12700A6568D /* Main.storyboard */,
				063AB7D52125D12700A6568D /* Assets.xcassets */,
				063AB7D72125D12700A6568D /* LaunchScreen.storyboard */,
				063AB7DA2125D12700A6568D /* Info.plist */,
				063AB7DB2125D12800A6568D /* main.m */,
			);
			path = iPhoneImages;
			sourceTree = "<group>";
		};
		063AB7E42125D12800A6568D /* iPhoneImagesTests */ = {
			isa = PBXGroup;
			children = (
				063AB7E52125D12800A6568D /* iPhoneImagesTests.m */,
				063AB7E72125D12800A6568D /* Info.plist */,
			);
			path = iPhoneImagesTests;
			sourceTree = "<group>";
		};
		063AB7EF2125D12800A6568D /* iPhoneImagesUITests */ = {
			isa = PBXGroup;
			children = (
				063AB7F02125D12800A6568D /* iPhoneImagesUITests.m */,
				063AB7F22125D12800A6568D /* Info.plist */,
			);
			path = iPhoneImagesUITests;
			sourceTree = "<group>";
		};
/* End PBXGroup section */

/* Begin PBXNativeTarget section */
		063AB7C82125D12700A6568D /* iPhoneImages */ = {
			isa = PBXNativeTarget;
			buildConfigurationList = 063AB7F52125D12800A6568D /* Build configuration list for PBXNativeTarget "iPhoneImages" */;
			buildPhases = (
				063AB7C52125D12700A6568D /* Sources */,
				063AB7C62125D12700A6568D /* Frameworks */,
				063AB7C72125D12700A6568D /* Resources */,
			);
			buildRules = (
			);
			dependencies = (
			);
			name = iPhoneImages;
			productName = iPhoneImages;
			productReference = 063AB7C92125D12700A6568D /* iPhoneImages.app */;
			productType = "com.apple.product-type.application";
		};
		063AB7E02125D12800A6568D /* iPhoneImagesTests */ = {
			isa = PBXNativeTarget;
			buildConfigurationList = 063AB7F82125D12800A6568D /* Build configuration list for PBXNativeTarget "iPhoneImagesTests" */;
			buildPhases = (
				063AB7DD2125D12800A6568D /* Sources */,
				063AB7DE2125D12800A6568D /* Frameworks */,
				063AB7DF2125D12800A6568D /* Resources */,
			);
			buildRules = (
			);
			dependencies = (
				063AB7E32125D12800A6568D /* PBXTargetDependency */,
			);
			name = iPhoneImagesTests;
			productName = iPhoneImagesTests;
			productReference = 063AB7E12125D12800A6568D /* iPhoneImagesTests.xctest */;
			productType = "com.apple.product-type.bundle.unit-test";
		};
		063AB7EB2125D12800A6568D /* iPhoneImagesUITests */ = {
			isa = PBXNativeTarget;
			buildConfigurationList = 063AB7FB2125D12800A6568D /* Build configuration list for PBXNativeTarget "iPhoneImagesUITests" */;
			buildPhases = (
				063AB7E82125D12800A6568D /* Sources */,
				063AB7E92125D12800A6568D /* Frameworks */,
				063AB7EA2125D12800A6568D /* Resources */,
			);
			buildRules = (
			);
			dependencies = (
				063AB7EE2125D12800A6568D /* PBXTargetDependency */,
			);
			name = iPhoneImagesUITests;
			productName = iPhoneImagesUITests;
			productReference = 063AB7EC2125D12800A6568D /* iPhoneImagesUITests.xctest */;
			productType = "com.apple.product-type.bundle.ui-testing";
		};
/* End PBXNativeTarget section */

/* Begin PBXProject section */
		063AB7C12125D12700A6568D /* Project object */ = {
			isa = PBXProject;
			attributes = {
				LastUpgradeCheck = 0940;
				ORGANIZATIONNAME = NICE;
				TargetAttributes = {
					063AB7C82125D12700A6568D = {
						CreatedOnToolsVersion = 9.4.1;
					};
					063AB7E02125D12800A6568D = {
						CreatedOnToolsVersion = 9.4.1;
						TestTargetID = 063AB7C82125D12700A6568D;
					};
					063AB7EB2125D12800A6568D = {
						CreatedOnToolsVersion = 9.4.1;
						TestTargetID = 063AB7C82125D12700A6568D;
					};
				};
			};
			buildConfigurationList = 063AB7C42125D12700A6568D /* Build configuration list for PBXProject "iPhoneImages" */;
			compatibilityVersion = "Xcode 9.3";
			developmentRegion = en;
			hasScannedForEncodings = 0;
			knownRegions = (
				en,
				Base,
			);
			mainGroup = 063AB7C02125D12700A6568D;
			productRefGroup = 063AB7CA2125D12700A6568D /* Products */;
			projectDirPath = "";
			projectRoot = "";
			targets = (
				063AB7C82125D12700A6568D /* iPhoneImages */,
				063AB7E02125D12800A6568D /* iPhoneImagesTests */,
				063AB7EB2125D12800A6568D /* iPhoneImagesUITests */,
			);
		};
/* End PBXProject section */

/* Begin PBXResourcesBuildPhase section */
		063AB7C72125D12700A6568D /* Resources */ = {
			isa = PBXResourcesBuildPhase;
			buildActionMask = 2147483647;
			files = (
				063AB7D92125D12700A6568D /* LaunchScreen.storyboard in Resources */,
				063AB7D62125D12700A6568D /* Assets.xcassets in Resources */,
				063AB7D42125D12700A6568D /* Main.storyboard in Resources */,
			);
			runOnlyForDeploymentPostprocessing = 0;
		};
		063AB7DF2125D12800A6568D /* Resources */ = {
			isa = PBXResourcesBuildPhase;
			buildActionMask = 2147483647;
			files = (
			);
			runOnlyForDeploymentPostprocessing = 0;
		};
		063AB7EA2125D12800A6568D /* Resources */ = {
			isa = PBXResourcesBuildPhase;
			buildActionMask = 2147483647;
			files = (
			);
			runOnlyForDeploymentPostprocessing = 0;
		};
/* End PBXResourcesBuildPhase section */

/* Begin PBXSourcesBuildPhase section */
		063AB7C52125D12700A6568D /* Sources */ = {
			isa = PBXSourcesBuildPhase;
			buildActionMask = 2147483647;
			files = (
				063AB7D12125D12700A6568D /* ViewController.m in Sources */,
				063AB7DC2125D12800A6568D /* main.m in Sources */,
				063AB7CE2125D12700A6568D /* AppDelegate.m in Sources */,
			);
			runOnlyForDeploymentPostprocessing = 0;
		};
		063AB7DD2125D12800A6568D /* Sources */ = {
			isa = PBXSourcesBuildPhase;
			buildActionMask = 2147483647;
			files = (
				063AB7E62125D12800A6568D /* iPhoneImagesTests.m in Sources */,
			);
			runOnlyForDeploymentPostprocessing = 0;
		};
		063AB7E82125D12800A6568D /* Sources */ = {
			isa = PBXSourcesBuildPhase;
			buildActionMask = 2147483647;
			files = (
				063AB7F12125D12800A6568D /* iPhoneImagesUITests.m in Sources */,
			);
			runOnlyForDeploymentPostprocessing = 0;
		};
/* End PBXSourcesBuildPhase section */

/* Begin PBXTargetDependency section */
		063AB7E32125D12800A6568D /* PBXTargetDependency */ = {
			isa = PBXTargetDependency;
			target = 063AB7C82125D12700A6568D /* iPhoneImages */;
			targetProxy = 063AB7E22125D12800A6568D /* PBXContainerItemProxy */;
		};
		063AB7EE2125D12800A6568D /* PBXTargetDependency */ = {
			isa = PBXTargetDependency;
			target = 063AB7C82125D12700A6568D /* iPhoneImages */;
			targetProxy = 063AB7ED2125D12800A6568D /* PBXContainerItemProxy */;
		};
/* End PBXTargetDependency section */

/* Begin PBXVariantGroup section */
		063AB7D22125D12700A6568D /* Main.storyboard */ = {
			isa = PBXVariantGroup;
			children = (
				063AB7D32125D12700A6568D /* Base */,
			);
			name = Main.storyboard;
			sourceTree = "<group>";
		};
		063AB7D72125D12700A6568D /* LaunchScreen.storyboard */ = {
			isa = PBXVariantGroup;
			children = (
				063AB7D82125D12700A6568D /* Base */,
			);
			name = LaunchScreen.storyboard;
			sourceTree = "<group>";
		};
/* End PBXVariantGroup section */

/* Begin XCBuildConfiguration section */
		063AB7F32125D12800A6568D /* Debug */ = {
			isa = XCBuildConfiguration;
			buildSettings = {
				ALWAYS_SEARCH_USER_PATHS = NO;
				CLANG_ANALYZER_NONNULL = YES;
				CLANG_ANALYZER_NUMBER_OBJECT_CONVERSION = YES_AGGRESSIVE;
				CLANG_CXX_LANGUAGE_STANDARD = "gnu++14";
				CLANG_CXX_LIBRARY = "libc++";
				CLANG_ENABLE_MODULES = YES;
				CLANG_ENABLE_OBJC_ARC = YES;
				CLANG_ENABLE_OBJC_WEAK = YES;
				CLANG_WARN_BLOCK_CAPTURE_AUTORELEASING = YES;
				CLANG_WARN_BOOL_CONVERSION = YES;
				CLANG_WARN_COMMA = YES;
				CLANG_WARN_CONSTANT_CONVERSION = YES;
				CLANG_WARN_DEPRECATED_OBJC_IMPLEMENTATIONS = YES;
				CLANG_WARN_DIRECT_OBJC_ISA_USAGE = YES_ERROR;
				CLANG_WARN_DOCUMENTATION_COMMENTS = YES;
				CLANG_WARN_EMPTY_BODY = YES;
				CLANG_WARN_ENUM_CONVERSION = YES;
				CLANG_WARN_INFINITE_RECURSION = YES;
				CLANG_WARN_INT_CONVERSION = YES;
				CLANG_WARN_NON_LITERAL_NULL_CONVERSION = YES;
				CLANG_WARN_OBJC_IMPLICIT_RETAIN_SELF = YES;
				CLANG_WARN_OBJC_LITERAL_CONVERSION = YES;
				CLANG_WARN_OBJC_ROOT_CLASS = YES_ERROR;
				CLANG_WARN_RANGE_LOOP_ANALYSIS = YES;
				CLANG_WARN_STRICT_PROTOTYPES = YES;
				CLANG_WARN_SUSPICIOUS_MOVE = YES;
				CLANG_WARN_UNGUARDED_AVAILABILITY = YES_AGGRESSIVE;
				CLANG_WARN_UNREACHABLE_CODE = YES;
				CLANG_WARN__DUPLICATE_METHOD_MATCH = YES;
				CODE_SIGN_IDENTITY = "iPhone Developer";
				COPY_PHASE_STRIP = NO;
				DEBUG_INFORMATION_FORMAT = dwarf;
				ENABLE_STRICT_OBJC_MSGSEND = YES;
				ENABLE_TESTABILITY = YES;
				GCC_C_LANGUAGE_STANDARD = gnu11;
				GCC_DYNAMIC_NO_PIC = NO;
				GCC_NO_COMMON_BLOCKS = YES;
				GCC_OPTIMIZATION_LEVEL = 0;
				GCC_PREPROCESSOR_DEFINITIONS = (
					"DEBUG=1",
					"$(inherited)",
				);
				GCC_WARN_64_TO_32_BIT_CONVERSION = YES;
				GCC_WARN_ABOUT_RETURN_TYPE = YES_ERROR;
				GCC_WARN_UNDECLARED_SELECTOR = YES;
				GCC_WARN_UNINITIALIZED_AUTOS = YES_AGGRESSIVE;
				GCC_WARN_UNUSED_FUNCTION = YES;
				GCC_WARN_UNUSED_VARIABLE = YES;
				IPHONEOS_DEPLOYMENT_TARGET = 11.4;
				MTL_ENABLE_DEBUG_INFO = YES;
				ONLY_ACTIVE_ARCH = YES;
				SDKROOT = iphoneos;
			};
			name = Debug;
		};
		063AB7F42125D12800A6568D /* Release */ = {
			isa = XCBuildConfiguration;
			buildSettings = {
				ALWAYS_SEARCH_USER_PATHS = NO;
				CLANG_ANALYZER_NONNULL = YES;
				CLANG_ANALYZER_NUMBER_OBJECT_CONVERSION = YES_AGGRESSIVE;
				CLANG_CXX_LANGUAGE_STANDARD = "gnu++14";
				CLANG_CXX_LIBRARY = "libc++";
				CLANG_ENABLE_MODULES = YES;
				CLANG_ENABLE_OBJC_ARC = YES;
				CLANG_ENABLE_OBJC_WEAK = YES;
				CLANG_WARN_BLOCK_CAPTURE_AUTORELEASING = YES;
				CLANG_WARN_BOOL_CONVERSION = YES;
				CLANG_WARN_COMMA = YES;
				CLANG_WARN_CONSTANT_CONVERSION = YES;
				CLANG_WARN_DEPRECATED_OBJC_IMPLEMENTATIONS = YES;
				CLANG_WARN_DIRECT_OBJC_ISA_USAGE = YES_ERROR;
				CLANG_WARN_DOCUMENTATION_COMMENTS = YES;
				CLANG_WARN_EMPTY_BODY = YES;
				CLANG_WARN_ENUM_CONVERSION = YES;
				CLANG_WARN_INFINITE_RECURSION = YES;
				CLANG_WARN_INT_CONVERSION = YES;
				CLANG_WARN_NON_LITERAL_NULL_CONVERSION = YES;
				CLANG_WARN_OBJC_IMPLICIT_RETAIN_SELF = YES;
				CLANG_WARN_OBJC_LITERAL_CONVERSION = YES;
				CLANG_WARN_OBJC_ROOT_CLASS = YES_ERROR;
				CLANG_WARN_RANGE_LOOP_ANALYSIS = YES;
				CLANG_WARN_STRICT_PROTOTYPES = YES;
				CLANG_WARN_SUSPICIOUS_MOVE = YES;
				CLANG_WARN_UNGUARDED_AVAILABILITY = YES_AGGRESSIVE;
				CLANG_WARN_UNREACHABLE_CODE = YES;
				CLANG_WARN__DUPLICATE_METHOD_MATCH = YES;
				CODE_SIGN_IDENTITY = "iPhone Developer";
				COPY_PHASE_STRIP = NO;
				DEBUG_INFORMATION_FORMAT = "dwarf-with-dsym";
				ENABLE_NS_ASSERTIONS = NO;
				ENABLE_STRICT_OBJC_MSGSEND = YES;
				GCC_C_LANGUAGE_STANDARD = gnu11;
				GCC_NO_COMMON_BLOCKS = YES;
				GCC_WARN_64_TO_32_BIT_CONVERSION = YES;
				GCC_WARN_ABOUT_RETURN_TYPE = YES_ERROR;
				GCC_WARN_UNDECLARED_SELECTOR = YES;
				GCC_WARN_UNINITIALIZED_AUTOS = YES_AGGRESSIVE;
				GCC_WARN_UNUSED_FUNCTION = YES;
				GCC_WARN_UNUSED_VARIABLE = YES;
				IPHONEOS_DEPLOYMENT_TARGET = 11.4;
				MTL_ENABLE_DEBUG_INFO = NO;
				SDKROOT = iphoneos;
				VALIDATE_PRODUCT = YES;
			};
			name = Release;
		};
		063AB7F62125D12800A6568D /* Debug */ = {
			isa = XCBuildConfiguration;
			buildSettings = {
				ASSETCATALOG_COMPILER_APPICON_NAME = AppIcon;
				CODE_SIGN_STYLE = Automatic;
				INFOPLIST_FILE = iPhoneImages/Info.plist;
				LD_RUNPATH_SEARCH_PATHS = (
					"$(inherited)",
					"@executable_path/Frameworks",
				);
				PRODUCT_BUNDLE_IDENTIFIER = nice.iPhoneImages;
				PRODUCT_NAME = "$(TARGET_NAME)";
				TARGETED_DEVICE_FAMILY = "1,2";
			};
			name = Debug;
		};
		063AB7F72125D12800A6568D /* Release */ = {
			isa = XCBuildConfiguration;
			buildSettings = {
				ASSETCATALOG_COMPILER_APPICON_NAME = AppIcon;
				CODE_SIGN_STYLE = Automatic;
				INFOPLIST_FILE = iPhoneImages/Info.plist;
				LD_RUNPATH_SEARCH_PATHS = (
					"$(inherited)",
					"@executable_path/Frameworks",
				);
				PRODUCT_BUNDLE_IDENTIFIER = nice.iPhoneImages;
				PRODUCT_NAME = "$(TARGET_NAME)";
				TARGETED_DEVICE_FAMILY = "1,2";
			};
			name = Release;
		};
		063AB7F92125D12800A6568D /* Debug */ = {
			isa = XCBuildConfiguration;
			buildSettings = {
				BUNDLE_LOADER = "$(TEST_HOST)";
				CODE_SIGN_STYLE = Automatic;
				INFOPLIST_FILE = iPhoneImagesTests/Info.plist;
				LD_RUNPATH_SEARCH_PATHS = (
					"$(inherited)",
					"@executable_path/Frameworks",
					"@loader_path/Frameworks",
				);
				PRODUCT_BUNDLE_IDENTIFIER = nice.iPhoneImagesTests;
				PRODUCT_NAME = "$(TARGET_NAME)";
				TARGETED_DEVICE_FAMILY = "1,2";
				TEST_HOST = "$(BUILT_PRODUCTS_DIR)/iPhoneImages.app/iPhoneImages";
			};
			name = Debug;
		};
		063AB7FA2125D12800A6568D /* Release */ = {
			isa = XCBuildConfiguration;
			buildSettings = {
				BUNDLE_LOADER = "$(TEST_HOST)";
				CODE_SIGN_STYLE = Automatic;
				INFOPLIST_FILE = iPhoneImagesTests/Info.plist;
				LD_RUNPATH_SEARCH_PATHS = (
					"$(inherited)",
					"@executable_path/Frameworks",
					"@loader_path/Frameworks",
				);
				PRODUCT_BUNDLE_IDENTIFIER = nice.iPhoneImagesTests;
				PRODUCT_NAME = "$(TARGET_NAME)";
				TARGETED_DEVICE_FAMILY = "1,2";
				TEST_HOST = "$(BUILT_PRODUCTS_DIR)/iPhoneImages.app/iPhoneImages";
			};
			name = Release;
		};
		063AB7FC2125D12800A6568D /* Debug */ = {
			isa = XCBuildConfiguration;
			buildSettings = {
				CODE_SIGN_STYLE = Automatic;
				INFOPLIST_FILE = iPhoneImagesUITests/Info.plist;
				LD_RUNPATH_SEARCH_PATHS = (
					"$(inherited)",
					"@executable_path/Frameworks",
					"@loader_path/Frameworks",
				);
				PRODUCT_BUNDLE_IDENTIFIER = nice.iPhoneImagesUITests;
				PRODUCT_NAME = "$(TARGET_NAME)";
				TARGETED_DEVICE_FAMILY = "1,2";
				TEST_TARGET_NAME = iPhoneImages;
			};
			name = Debug;
		};
		063AB7FD2125D12800A6568D /* Release */ = {
			isa = XCBuildConfiguration;
			buildSettings = {
				CODE_SIGN_STYLE = Automatic;
				INFOPLIST_FILE = iPhoneImagesUITests/Info.plist;
				LD_RUNPATH_SEARCH_PATHS = (
					"$(inherited)",
					"@executable_path/Frameworks",
					"@loader_path/Frameworks",
				);
				PRODUCT_BUNDLE_IDENTIFIER = nice.iPhoneImagesUITests;
				PRODUCT_NAME = "$(TARGET_NAME)";
				TARGETED_DEVICE_FAMILY = "1,2";
				TEST_TARGET_NAME = iPhoneImages;
			};
			name = Release;
		};
/* End XCBuildConfiguration section */

/* Begin XCConfigurationList section */
		063AB7C42125D12700A6568D /* Build configuration list for PBXProject "iPhoneImages" */ = {
			isa = XCConfigurationList;
			buildConfigurations = (
				063AB7F32125D12800A6568D /* Debug */,
				063AB7F42125D12800A6568D /* Release */,
			);
			defaultConfigurationIsVisible = 0;
			defaultConfigurationName = Release;
		};
		063AB7F52125D12800A6568D /* Build configuration list for PBXNativeTarget "iPhoneImages" */ = {
			isa = XCConfigurationList;
			buildConfigurations = (
				063AB7F62125D12800A6568D /* Debug */,
				063AB7F72125D12800A6568D /* Release */,
			);
			defaultConfigurationIsVisible = 0;
			defaultConfigurationName = Release;
		};
		063AB7F82125D12800A6568D /* Build configuration list for PBXNativeTarget "iPhoneImagesTests" */ = {
			isa = XCConfigurationList;
			buildConfigurations = (
				063AB7F92125D12800A6568D /* Debug */,
				063AB7FA2125D12800A6568D /* Release */,
			);
			defaultConfigurationIsVisible = 0;
			defaultConfigurationName = Release;
		};
		063AB7FB2125D12800A6568D /* Build configuration list for PBXNativeTarget "iPhoneImagesUITests" */ = {
			isa = XCConfigurationList;
			buildConfigurations = (
				063AB7FC2125D12800A6568D /* Debug */,
				063AB7FD2125D12800A6568D /* Release */,
			);
			defaultConfigurationIsVisible = 0;
			defaultConfigurationName = Release;
		};
/* End XCConfigurationList section */
	};
	rootObject = 063AB7C12125D12700A6568D /* Project object */;
}
